
Microsoft Visual Studio Solution File, Format Version 12.00
# Visual Studio Version 16
VisualStudioVersion = 16.0.31205.134
MinimumVisualStudioVersion = 10.0.40219.1
Project("{2150E333-8FDC-42A3-9474-1A3956D46DE8}") = "Command", "Command", "{F4CD9B54-AF5D-46DA-98F3-9C4279EED9FB}"
EndProject
Project("{2150E333-8FDC-42A3-9474-1A3956D46DE8}") = "Query", "Query", "{CB177861-EDA8-41B3-ADF4-AEE6B5F9FCBA}"
EndProject
Project("{2150E333-8FDC-42A3-9474-1A3956D46DE8}") = "ExternalDlls", "ExternalDlls", "{FE2A762B-5060-4C90-856C-D0EECCC9565F}"
	ProjectSection(SolutionItems) = preProject
		..\ExternalDlls\Coddie.Common.dll = ..\ExternalDlls\Coddie.Common.dll
		..\ExternalDlls\Coddie.Crud.dll = ..\ExternalDlls\Coddie.Crud.dll
		..\ExternalDlls\Coddie.Data.dll = ..\ExternalDlls\Coddie.Data.dll
	EndProjectSection
EndProject
Project("{FAE04EC0-301F-11D3-BF4B-00C04F79EFBC}") = "Pagila.Entity", "Pagila.Entity\Pagila.Entity.csproj", "{2B73FEA8-36B7-4EDF-B592-68B240ECF096}"
EndProject
Project("{2150E333-8FDC-42A3-9474-1A3956D46DE8}") = "Pagila", "Pagila", "{DB998874-5899-4A1F-873F-73D409DEDFC2}"
EndProject
Project("{FAE04EC0-301F-11D3-BF4B-00C04F79EFBC}") = "Pagila.ViewModel", "Pagila.ViewModel\Pagila.ViewModel.csproj", "{05976D77-EFD7-4E74-B586-1349940DE5A4}"
EndProject
Project("{FAE04EC0-301F-11D3-BF4B-00C04F79EFBC}") = "Pagila.Command", "Pagila.Command\Pagila.Command.csproj", "{1B6ECEC8-9000-46E6-BFE0-42618D4111D6}"
EndProject
Project("{FAE04EC0-301F-11D3-BF4B-00C04F79EFBC}") = "Pagila.CommandHandlers", "Pagila.CommandHandlers\Pagila.CommandHandlers.csproj", "{63DC69EF-5729-4D50-956F-1400B2B9FF60}"
EndProject
Project("{FAE04EC0-301F-11D3-BF4B-00C04F79EFBC}") = "Pagila.Query", "Pagila.Query\Pagila.Query.csproj", "{4028EBA9-38DA-46A7-8605-54F99F7B58FE}"
EndProject
Project("{FAE04EC0-301F-11D3-BF4B-00C04F79EFBC}") = "Pagila.QueryHandlers", "Pagila.QueryHandlers\Pagila.QueryHandlers.csproj", "{AAB2EC68-28B5-4377-AB79-3EF6F10AE788}"
EndProject
Project("{FAE04EC0-301F-11D3-BF4B-00C04F79EFBC}") = "SI.Query.Core", "..\..\SI.CQRS.Repository\SI.CQRS.Sln\NetFramework\SI.Query.Core\SI.Query.Core.csproj", "{076741E2-4702-45F8-8CAF-71EC86C4F1EB}"
EndProject
Project("{FAE04EC0-301F-11D3-BF4B-00C04F79EFBC}") = "SI.QueryBus", "..\..\SI.CQRS.Repository\SI.CQRS.Sln\NetFramework\SI.QueryBus\SI.QueryBus.csproj", "{2C25BF28-565D-479F-B7D1-8566DCFD271A}"
EndProject
Project("{FAE04EC0-301F-11D3-BF4B-00C04F79EFBC}") = "SI.QueryBus.Core", "..\..\SI.CQRS.Repository\SI.CQRS.Sln\NetFramework\SI.QueryBus.Core\SI.QueryBus.Core.csproj", "{EF4AF97B-AE4B-4A1A-9E48-E02891882A44}"
EndProject
Project("{FAE04EC0-301F-11D3-BF4B-00C04F79EFBC}") = "SI.QueryHandler.Base", "..\..\SI.CQRS.Repository\SI.CQRS.Sln\NetFramework\SI.QueryHandler.Base\SI.QueryHandler.Base.csproj", "{AAEB4D4E-553A-4F7C-A91D-90507B15BFC3}"
EndProject
Project("{FAE04EC0-301F-11D3-BF4B-00C04F79EFBC}") = "SI.QueryHandler.Core", "..\..\SI.CQRS.Repository\SI.CQRS.Sln\NetFramework\SI.QueryHandler.Core\SI.QueryHandler.Core.csproj", "{0F8852BA-9BDF-4205-8F44-1BF9D8A4D39E}"
EndProject
Project("{FAE04EC0-301F-11D3-BF4B-00C04F79EFBC}") = "SI.QueryHandler.Factory", "..\..\SI.CQRS.Repository\SI.CQRS.Sln\NetFramework\SI.QueryHandler.Factory\SI.QueryHandler.Factory.csproj", "{8D4E2A6B-F2E9-4E0E-AF53-C9D89F0AC785}"
EndProject
Project("{FAE04EC0-301F-11D3-BF4B-00C04F79EFBC}") = "SI.Command.Core", "..\..\SI.CQRS.Repository\SI.CQRS.Sln\NetFramework\SI.Command.Core\SI.Command.Core.csproj", "{CD63CF39-40A9-493E-86A3-A07BA7F72373}"
EndProject
Project("{FAE04EC0-301F-11D3-BF4B-00C04F79EFBC}") = "SI.CommandBus", "..\..\SI.CQRS.Repository\SI.CQRS.Sln\NetFramework\SI.CommandBus\SI.CommandBus.csproj", "{0914CDF6-A20E-48B6-9807-04A38D3D6CD1}"
EndProject
Project("{FAE04EC0-301F-11D3-BF4B-00C04F79EFBC}") = "SI.CommandBus.Core", "..\..\SI.CQRS.Repository\SI.CQRS.Sln\NetFramework\SI.CommandBus.Core\SI.CommandBus.Core.csproj", "{981B8737-B77F-4629-951C-B2ADDBC4FC22}"
EndProject
Project("{FAE04EC0-301F-11D3-BF4B-00C04F79EFBC}") = "SI.CommandHandler.Base", "..\..\SI.CQRS.Repository\SI.CQRS.Sln\NetFramework\SI.CommandHandler.Base\SI.CommandHandler.Base.csproj", "{DDF9A38D-0B97-4E0B-919D-C73F4EE8EC71}"
EndProject
Project("{FAE04EC0-301F-11D3-BF4B-00C04F79EFBC}") = "SI.CommandHandler.Core", "..\..\SI.CQRS.Repository\SI.CQRS.Sln\NetFramework\SI.CommandHandler.Core\SI.CommandHandler.Core.csproj", "{FDF55860-EC99-4E22-9BEF-139CE4070145}"
EndProject
Project("{FAE04EC0-301F-11D3-BF4B-00C04F79EFBC}") = "SI.CommandHandler.Factory", "..\..\SI.CQRS.Repository\SI.CQRS.Sln\NetFramework\SI.CommandHandler.Factory\SI.CommandHandler.Factory.csproj", "{90EB3184-D168-43A2-9663-58334F4F108F}"
EndProject
Project("{FAE04EC0-301F-11D3-BF4B-00C04F79EFBC}") = "Pagila.Dto", "Pagila.Dto\Pagila.Dto.csproj", "{9347DB21-F757-4CE8-84A4-C7159FB6FADF}"
EndProject
Global
	GlobalSection(SolutionConfigurationPlatforms) = preSolution
		Debug|Any CPU = Debug|Any CPU
		Release|Any CPU = Release|Any CPU
	EndGlobalSection
	GlobalSection(ProjectConfigurationPlatforms) = postSolution
		{2B73FEA8-36B7-4EDF-B592-68B240ECF096}.Debug|Any CPU.ActiveCfg = Debug|Any CPU
		{2B73FEA8-36B7-4EDF-B592-68B240ECF096}.Debug|Any CPU.Build.0 = Debug|Any CPU
		{2B73FEA8-36B7-4EDF-B592-68B240ECF096}.Release|Any CPU.ActiveCfg = Release|Any CPU
		{2B73FEA8-36B7-4EDF-B592-68B240ECF096}.Release|Any CPU.Build.0 = Release|Any CPU
		{05976D77-EFD7-4E74-B586-1349940DE5A4}.Debug|Any CPU.ActiveCfg = Debug|Any CPU
		{05976D77-EFD7-4E74-B586-1349940DE5A4}.Debug|Any CPU.Build.0 = Debug|Any CPU
		{05976D77-EFD7-4E74-B586-1349940DE5A4}.Release|Any CPU.ActiveCfg = Release|Any CPU
		{05976D77-EFD7-4E74-B586-1349940DE5A4}.Release|Any CPU.Build.0 = Release|Any CPU
		{1B6ECEC8-9000-46E6-BFE0-42618D4111D6}.Debug|Any CPU.ActiveCfg = Debug|Any CPU
		{1B6ECEC8-9000-46E6-BFE0-42618D4111D6}.Debug|Any CPU.Build.0 = Debug|Any CPU
		{1B6ECEC8-9000-46E6-BFE0-42618D4111D6}.Release|Any CPU.ActiveCfg = Release|Any CPU
		{1B6ECEC8-9000-46E6-BFE0-42618D4111D6}.Release|Any CPU.Build.0 = Release|Any CPU
		{63DC69EF-5729-4D50-956F-1400B2B9FF60}.Debug|Any CPU.ActiveCfg = Debug|Any CPU
		{63DC69EF-5729-4D50-956F-1400B2B9FF60}.Debug|Any CPU.Build.0 = Debug|Any CPU
		{63DC69EF-5729-4D50-956F-1400B2B9FF60}.Release|Any CPU.ActiveCfg = Release|Any CPU
		{63DC69EF-5729-4D50-956F-1400B2B9FF60}.Release|Any CPU.Build.0 = Release|Any CPU
		{4028EBA9-38DA-46A7-8605-54F99F7B58FE}.Debug|Any CPU.ActiveCfg = Debug|Any CPU
		{4028EBA9-38DA-46A7-8605-54F99F7B58FE}.Debug|Any CPU.Build.0 = Debug|Any CPU
		{4028EBA9-38DA-46A7-8605-54F99F7B58FE}.Release|Any CPU.ActiveCfg = Release|Any CPU
		{4028EBA9-38DA-46A7-8605-54F99F7B58FE}.Release|Any CPU.Build.0 = Release|Any CPU
		{AAB2EC68-28B5-4377-AB79-3EF6F10AE788}.Debug|Any CPU.ActiveCfg = Debug|Any CPU
		{AAB2EC68-28B5-4377-AB79-3EF6F10AE788}.Debug|Any CPU.Build.0 = Debug|Any CPU
		{AAB2EC68-28B5-4377-AB79-3EF6F10AE788}.Release|Any CPU.ActiveCfg = Release|Any CPU
		{AAB2EC68-28B5-4377-AB79-3EF6F10AE788}.Release|Any CPU.Build.0 = Release|Any CPU
		{076741E2-4702-45F8-8CAF-71EC86C4F1EB}.Debug|Any CPU.ActiveCfg = Debug|Any CPU
		{076741E2-4702-45F8-8CAF-71EC86C4F1EB}.Debug|Any CPU.Build.0 = Debug|Any CPU
		{076741E2-4702-45F8-8CAF-71EC86C4F1EB}.Release|Any CPU.ActiveCfg = Release|Any CPU
		{076741E2-4702-45F8-8CAF-71EC86C4F1EB}.Release|Any CPU.Build.0 = Release|Any CPU
		{2C25BF28-565D-479F-B7D1-8566DCFD271A}.Debug|Any CPU.ActiveCfg = Debug|Any CPU
		{2C25BF28-565D-479F-B7D1-8566DCFD271A}.Debug|Any CPU.Build.0 = Debug|Any CPU
		{2C25BF28-565D-479F-B7D1-8566DCFD271A}.Release|Any CPU.ActiveCfg = Release|Any CPU
		{2C25BF28-565D-479F-B7D1-8566DCFD271A}.Release|Any CPU.Build.0 = Release|Any CPU
		{EF4AF97B-AE4B-4A1A-9E48-E02891882A44}.Debug|Any CPU.ActiveCfg = Debug|Any CPU
		{EF4AF97B-AE4B-4A1A-9E48-E02891882A44}.Debug|Any CPU.Build.0 = Debug|Any CPU
		{EF4AF97B-AE4B-4A1A-9E48-E02891882A44}.Release|Any CPU.ActiveCfg = Release|Any CPU
		{EF4AF97B-AE4B-4A1A-9E48-E02891882A44}.Release|Any CPU.Build.0 = Release|Any CPU
		{AAEB4D4E-553A-4F7C-A91D-90507B15BFC3}.Debug|Any CPU.ActiveCfg = Debug|Any CPU
		{AAEB4D4E-553A-4F7C-A91D-90507B15BFC3}.Debug|Any CPU.Build.0 = Debug|Any CPU
		{AAEB4D4E-553A-4F7C-A91D-90507B15BFC3}.Release|Any CPU.ActiveCfg = Release|Any CPU
		{AAEB4D4E-553A-4F7C-A91D-90507B15BFC3}.Release|Any CPU.Build.0 = Release|Any CPU
		{0F8852BA-9BDF-4205-8F44-1BF9D8A4D39E}.Debug|Any CPU.ActiveCfg = Debug|Any CPU
		{0F8852BA-9BDF-4205-8F44-1BF9D8A4D39E}.Debug|Any CPU.Build.0 = Debug|Any CPU
		{0F8852BA-9BDF-4205-8F44-1BF9D8A4D39E}.Release|Any CPU.ActiveCfg = Release|Any CPU
		{0F8852BA-9BDF-4205-8F44-1BF9D8A4D39E}.Release|Any CPU.Build.0 = Release|Any CPU
		{8D4E2A6B-F2E9-4E0E-AF53-C9D89F0AC785}.Debug|Any CPU.ActiveCfg = Debug|Any CPU
		{8D4E2A6B-F2E9-4E0E-AF53-C9D89F0AC785}.Debug|Any CPU.Build.0 = Debug|Any CPU
		{8D4E2A6B-F2E9-4E0E-AF53-C9D89F0AC785}.Release|Any CPU.ActiveCfg = Release|Any CPU
		{8D4E2A6B-F2E9-4E0E-AF53-C9D89F0AC785}.Release|Any CPU.Build.0 = Release|Any CPU
		{CD63CF39-40A9-493E-86A3-A07BA7F72373}.Debug|Any CPU.ActiveCfg = Debug|Any CPU
		{CD63CF39-40A9-493E-86A3-A07BA7F72373}.Debug|Any CPU.Build.0 = Debug|Any CPU
		{CD63CF39-40A9-493E-86A3-A07BA7F72373}.Release|Any CPU.ActiveCfg = Release|Any CPU
		{CD63CF39-40A9-493E-86A3-A07BA7F72373}.Release|Any CPU.Build.0 = Release|Any CPU
		{0914CDF6-A20E-48B6-9807-04A38D3D6CD1}.Debug|Any CPU.ActiveCfg = Debug|Any CPU
		{0914CDF6-A20E-48B6-9807-04A38D3D6CD1}.Debug|Any CPU.Build.0 = Debug|Any CPU
		{0914CDF6-A20E-48B6-9807-04A38D3D6CD1}.Release|Any CPU.ActiveCfg = Release|Any CPU
		{0914CDF6-A20E-48B6-9807-04A38D3D6CD1}.Release|Any CPU.Build.0 = Release|Any CPU
		{981B8737-B77F-4629-951C-B2ADDBC4FC22}.Debug|Any CPU.ActiveCfg = Debug|Any CPU
		{981B8737-B77F-4629-951C-B2ADDBC4FC22}.Debug|Any CPU.Build.0 = Debug|Any CPU
		{981B8737-B77F-4629-951C-B2ADDBC4FC22}.Release|Any CPU.ActiveCfg = Release|Any CPU
		{981B8737-B77F-4629-951C-B2ADDBC4FC22}.Release|Any CPU.Build.0 = Release|Any CPU
		{DDF9A38D-0B97-4E0B-919D-C73F4EE8EC71}.Debug|Any CPU.ActiveCfg = Debug|Any CPU
		{DDF9A38D-0B97-4E0B-919D-C73F4EE8EC71}.Debug|Any CPU.Build.0 = Debug|Any CPU
		{DDF9A38D-0B97-4E0B-919D-C73F4EE8EC71}.Release|Any CPU.ActiveCfg = Release|Any CPU
		{DDF9A38D-0B97-4E0B-919D-C73F4EE8EC71}.Release|Any CPU.Build.0 = Release|Any CPU
		{FDF55860-EC99-4E22-9BEF-139CE4070145}.Debug|Any CPU.ActiveCfg = Debug|Any CPU
		{FDF55860-EC99-4E22-9BEF-139CE4070145}.Debug|Any CPU.Build.0 = Debug|Any CPU
		{FDF55860-EC99-4E22-9BEF-139CE4070145}.Release|Any CPU.ActiveCfg = Release|Any CPU
		{FDF55860-EC99-4E22-9BEF-139CE4070145}.Release|Any CPU.Build.0 = Release|Any CPU
		{90EB3184-D168-43A2-9663-58334F4F108F}.Debug|Any CPU.ActiveCfg = Debug|Any CPU
		{90EB3184-D168-43A2-9663-58334F4F108F}.Debug|Any CPU.Build.0 = Debug|Any CPU
		{90EB3184-D168-43A2-9663-58334F4F108F}.Release|Any CPU.ActiveCfg = Release|Any CPU
		{90EB3184-D168-43A2-9663-58334F4F108F}.Release|Any CPU.Build.0 = Release|Any CPU
		{9347DB21-F757-4CE8-84A4-C7159FB6FADF}.Debug|Any CPU.ActiveCfg = Debug|Any CPU
		{9347DB21-F757-4CE8-84A4-C7159FB6FADF}.Debug|Any CPU.Build.0 = Debug|Any CPU
		{9347DB21-F757-4CE8-84A4-C7159FB6FADF}.Release|Any CPU.ActiveCfg = Release|Any CPU
		{9347DB21-F757-4CE8-84A4-C7159FB6FADF}.Release|Any CPU.Build.0 = Release|Any CPU
	EndGlobalSection
	GlobalSection(SolutionProperties) = preSolution
		HideSolutionNode = FALSE
	EndGlobalSection
	GlobalSection(NestedProjects) = preSolution
		{2B73FEA8-36B7-4EDF-B592-68B240ECF096} = {DB998874-5899-4A1F-873F-73D409DEDFC2}
		{05976D77-EFD7-4E74-B586-1349940DE5A4} = {DB998874-5899-4A1F-873F-73D409DEDFC2}
		{1B6ECEC8-9000-46E6-BFE0-42618D4111D6} = {DB998874-5899-4A1F-873F-73D409DEDFC2}
		{63DC69EF-5729-4D50-956F-1400B2B9FF60} = {DB998874-5899-4A1F-873F-73D409DEDFC2}
		{4028EBA9-38DA-46A7-8605-54F99F7B58FE} = {DB998874-5899-4A1F-873F-73D409DEDFC2}
		{AAB2EC68-28B5-4377-AB79-3EF6F10AE788} = {DB998874-5899-4A1F-873F-73D409DEDFC2}
		{076741E2-4702-45F8-8CAF-71EC86C4F1EB} = {CB177861-EDA8-41B3-ADF4-AEE6B5F9FCBA}
		{2C25BF28-565D-479F-B7D1-8566DCFD271A} = {CB177861-EDA8-41B3-ADF4-AEE6B5F9FCBA}
		{EF4AF97B-AE4B-4A1A-9E48-E02891882A44} = {CB177861-EDA8-41B3-ADF4-AEE6B5F9FCBA}
		{AAEB4D4E-553A-4F7C-A91D-90507B15BFC3} = {CB177861-EDA8-41B3-ADF4-AEE6B5F9FCBA}
		{0F8852BA-9BDF-4205-8F44-1BF9D8A4D39E} = {CB177861-EDA8-41B3-ADF4-AEE6B5F9FCBA}
		{8D4E2A6B-F2E9-4E0E-AF53-C9D89F0AC785} = {CB177861-EDA8-41B3-ADF4-AEE6B5F9FCBA}
		{CD63CF39-40A9-493E-86A3-A07BA7F72373} = {F4CD9B54-AF5D-46DA-98F3-9C4279EED9FB}
		{0914CDF6-A20E-48B6-9807-04A38D3D6CD1} = {F4CD9B54-AF5D-46DA-98F3-9C4279EED9FB}
		{981B8737-B77F-4629-951C-B2ADDBC4FC22} = {F4CD9B54-AF5D-46DA-98F3-9C4279EED9FB}
		{DDF9A38D-0B97-4E0B-919D-C73F4EE8EC71} = {F4CD9B54-AF5D-46DA-98F3-9C4279EED9FB}
		{FDF55860-EC99-4E22-9BEF-139CE4070145} = {F4CD9B54-AF5D-46DA-98F3-9C4279EED9FB}
		{90EB3184-D168-43A2-9663-58334F4F108F} = {F4CD9B54-AF5D-46DA-98F3-9C4279EED9FB}
		{9347DB21-F757-4CE8-84A4-C7159FB6FADF} = {DB998874-5899-4A1F-873F-73D409DEDFC2}
	EndGlobalSection
	GlobalSection(ExtensibilityGlobals) = postSolution
		SolutionGuid = {80D7CC23-B61E-4556-8D28-4CCD9F280D20}
	EndGlobalSection
EndGlobal
